// !$*UTF8*$!
{
	archiveVersion = 1;
	classes = {
	};
	objectVersion = 56;
	objects = {

/* Begin PBXBuildFile section */
		5E3236622B2D744D00AD48B3 /* ChampionDetailViewController.swift in Sources */ = {isa = PBXBuildFile; fileRef = 5E3236602B2D744D00AD48B3 /* ChampionDetailViewController.swift */; };
		5E3236632B2D744D00AD48B3 /* ChampionDetailViewController.xib in Resources */ = {isa = PBXBuildFile; fileRef = 5E3236612B2D744D00AD48B3 /* ChampionDetailViewController.xib */; };
		5E43753D2B1AFD9E0065D2C0 /* BeaufortforLOL-MediumItalic.otf in Resources */ = {isa = PBXBuildFile; fileRef = 5E4375312B1AFD9C0065D2C0 /* BeaufortforLOL-MediumItalic.otf */; };
		5E43753E2B1AFD9E0065D2C0 /* BeaufortforLOL-BoldItalic.otf in Resources */ = {isa = PBXBuildFile; fileRef = 5E4375322B1AFD9C0065D2C0 /* BeaufortforLOL-BoldItalic.otf */; };
		5E43753F2B1AFD9E0065D2C0 /* BeaufortforLOL-Italic.otf in Resources */ = {isa = PBXBuildFile; fileRef = 5E4375332B1AFD9C0065D2C0 /* BeaufortforLOL-Italic.otf */; };
		5E4375402B1AFD9E0065D2C0 /* BeaufortforLOL-Bold.otf in Resources */ = {isa = PBXBuildFile; fileRef = 5E4375342B1AFD9D0065D2C0 /* BeaufortforLOL-Bold.otf */; };
		5E4375412B1AFD9E0065D2C0 /* BeaufortforLOL-Light.otf in Resources */ = {isa = PBXBuildFile; fileRef = 5E4375352B1AFD9D0065D2C0 /* BeaufortforLOL-Light.otf */; };
		5E4375422B1AFD9E0065D2C0 /* BeaufortforLOL-HeavyItalic.otf in Resources */ = {isa = PBXBuildFile; fileRef = 5E4375362B1AFD9D0065D2C0 /* BeaufortforLOL-HeavyItalic.otf */; };
		5E4375432B1AFD9E0065D2C0 /* BeaufortforLOL-Italic(1).otf in Resources */ = {isa = PBXBuildFile; fileRef = 5E4375372B1AFD9D0065D2C0 /* BeaufortforLOL-Italic(1).otf */; };
		5E4375442B1AFD9E0065D2C0 /* BeaufortforLOL-LightItalic.otf in Resources */ = {isa = PBXBuildFile; fileRef = 5E4375382B1AFD9D0065D2C0 /* BeaufortforLOL-LightItalic.otf */; };
		5E4375452B1AFD9E0065D2C0 /* BeaufortforLOL-LightItalic(1).otf in Resources */ = {isa = PBXBuildFile; fileRef = 5E4375392B1AFD9D0065D2C0 /* BeaufortforLOL-LightItalic(1).otf */; };
		5E4375462B1AFD9E0065D2C0 /* BeaufortforLOL-Medium.otf in Resources */ = {isa = PBXBuildFile; fileRef = 5E43753A2B1AFD9D0065D2C0 /* BeaufortforLOL-Medium.otf */; };
		5E4375472B1AFD9E0065D2C0 /* BeaufortforLOL-Regular.otf in Resources */ = {isa = PBXBuildFile; fileRef = 5E43753B2B1AFD9D0065D2C0 /* BeaufortforLOL-Regular.otf */; };
		5E4375482B1AFD9E0065D2C0 /* BeaufortforLOL-Heavy.otf in Resources */ = {isa = PBXBuildFile; fileRef = 5E43753C2B1AFD9D0065D2C0 /* BeaufortforLOL-Heavy.otf */; };
		5E43754A2B1B00100065D2C0 /* Key.plist in Resources */ = {isa = PBXBuildFile; fileRef = 5E4375492B1B00100065D2C0 /* Key.plist */; };
		5E43754D2B1B009A0065D2C0 /* Constants.swift in Sources */ = {isa = PBXBuildFile; fileRef = 5E43754C2B1B009A0065D2C0 /* Constants.swift */; };
		5EE9914A2B0F496D0021DD41 /* AppDelegate.swift in Sources */ = {isa = PBXBuildFile; fileRef = 5EE991492B0F496D0021DD41 /* AppDelegate.swift */; };
		5EE991512B0F496D0021DD41 /* Main.storyboard in Resources */ = {isa = PBXBuildFile; fileRef = 5EE9914F2B0F496D0021DD41 /* Main.storyboard */; };
		5EE991542B0F496D0021DD41 /* LeagueStats.xcdatamodeld in Sources */ = {isa = PBXBuildFile; fileRef = 5EE991522B0F496D0021DD41 /* LeagueStats.xcdatamodeld */; };
		5EE991562B0F496F0021DD41 /* Assets.xcassets in Resources */ = {isa = PBXBuildFile; fileRef = 5EE991552B0F496F0021DD41 /* Assets.xcassets */; };
		5EE991592B0F496F0021DD41 /* LaunchScreen.storyboard in Resources */ = {isa = PBXBuildFile; fileRef = 5EE991572B0F496F0021DD41 /* LaunchScreen.storyboard */; };
		5EE991642B0F51F30021DD41 /* TabBarViewController.swift in Sources */ = {isa = PBXBuildFile; fileRef = 5EE991622B0F51F30021DD41 /* TabBarViewController.swift */; };
		5EE991652B0F51F30021DD41 /* TabBarViewController.xib in Resources */ = {isa = PBXBuildFile; fileRef = 5EE991632B0F51F30021DD41 /* TabBarViewController.xib */; };
		5EF754B32B11BB19004946D9 /* ChampionViewController.swift in Sources */ = {isa = PBXBuildFile; fileRef = 5EF754B12B11BB19004946D9 /* ChampionViewController.swift */; };
		5EF754B42B11BB19004946D9 /* ChampionViewController.xib in Resources */ = {isa = PBXBuildFile; fileRef = 5EF754B22B11BB19004946D9 /* ChampionViewController.xib */; };
		5EF754BE2B11C59A004946D9 /* ChampionTableViewCell.swift in Sources */ = {isa = PBXBuildFile; fileRef = 5EF754BC2B11C59A004946D9 /* ChampionTableViewCell.swift */; };
		5EF754BF2B11C59A004946D9 /* ChampionTableViewCell.xib in Resources */ = {isa = PBXBuildFile; fileRef = 5EF754BD2B11C59A004946D9 /* ChampionTableViewCell.xib */; };
		8D9BD26A60BF11E4148CD199 /* Pods_LeagueStats.framework in Frameworks */ = {isa = PBXBuildFile; fileRef = EBB567D9220254457F0CE745 /* Pods_LeagueStats.framework */; };
/* End PBXBuildFile section */

/* Begin PBXFileReference section */
		35DE54DCC24CA02446452E28 /* Pods-LeagueStats.debug.xcconfig */ = {isa = PBXFileReference; includeInIndex = 1; lastKnownFileType = text.xcconfig; name = "Pods-LeagueStats.debug.xcconfig"; path = "Target Support Files/Pods-LeagueStats/Pods-LeagueStats.debug.xcconfig"; sourceTree = "<group>"; };
		5E3236602B2D744D00AD48B3 /* ChampionDetailViewController.swift */ = {isa = PBXFileReference; lastKnownFileType = sourcecode.swift; path = ChampionDetailViewController.swift; sourceTree = "<group>"; };
		5E3236612B2D744D00AD48B3 /* ChampionDetailViewController.xib */ = {isa = PBXFileReference; lastKnownFileType = file.xib; path = ChampionDetailViewController.xib; sourceTree = "<group>"; };
		5E4375312B1AFD9C0065D2C0 /* BeaufortforLOL-MediumItalic.otf */ = {isa = PBXFileReference; lastKnownFileType = file; path = "BeaufortforLOL-MediumItalic.otf"; sourceTree = "<group>"; };
		5E4375322B1AFD9C0065D2C0 /* BeaufortforLOL-BoldItalic.otf */ = {isa = PBXFileReference; lastKnownFileType = file; path = "BeaufortforLOL-BoldItalic.otf"; sourceTree = "<group>"; };
		5E4375332B1AFD9C0065D2C0 /* BeaufortforLOL-Italic.otf */ = {isa = PBXFileReference; lastKnownFileType = file; path = "BeaufortforLOL-Italic.otf"; sourceTree = "<group>"; };
		5E4375342B1AFD9D0065D2C0 /* BeaufortforLOL-Bold.otf */ = {isa = PBXFileReference; lastKnownFileType = file; path = "BeaufortforLOL-Bold.otf"; sourceTree = "<group>"; };
		5E4375352B1AFD9D0065D2C0 /* BeaufortforLOL-Light.otf */ = {isa = PBXFileReference; lastKnownFileType = file; path = "BeaufortforLOL-Light.otf"; sourceTree = "<group>"; };
		5E4375362B1AFD9D0065D2C0 /* BeaufortforLOL-HeavyItalic.otf */ = {isa = PBXFileReference; lastKnownFileType = file; path = "BeaufortforLOL-HeavyItalic.otf"; sourceTree = "<group>"; };
		5E4375372B1AFD9D0065D2C0 /* BeaufortforLOL-Italic(1).otf */ = {isa = PBXFileReference; lastKnownFileType = file; path = "BeaufortforLOL-Italic(1).otf"; sourceTree = "<group>"; };
		5E4375382B1AFD9D0065D2C0 /* BeaufortforLOL-LightItalic.otf */ = {isa = PBXFileReference; lastKnownFileType = file; path = "BeaufortforLOL-LightItalic.otf"; sourceTree = "<group>"; };
		5E4375392B1AFD9D0065D2C0 /* BeaufortforLOL-LightItalic(1).otf */ = {isa = PBXFileReference; lastKnownFileType = file; path = "BeaufortforLOL-LightItalic(1).otf"; sourceTree = "<group>"; };
		5E43753A2B1AFD9D0065D2C0 /* BeaufortforLOL-Medium.otf */ = {isa = PBXFileReference; lastKnownFileType = file; path = "BeaufortforLOL-Medium.otf"; sourceTree = "<group>"; };
		5E43753B2B1AFD9D0065D2C0 /* BeaufortforLOL-Regular.otf */ = {isa = PBXFileReference; lastKnownFileType = file; path = "BeaufortforLOL-Regular.otf"; sourceTree = "<group>"; };
		5E43753C2B1AFD9D0065D2C0 /* BeaufortforLOL-Heavy.otf */ = {isa = PBXFileReference; lastKnownFileType = file; path = "BeaufortforLOL-Heavy.otf"; sourceTree = "<group>"; };
		5E4375492B1B00100065D2C0 /* Key.plist */ = {isa = PBXFileReference; lastKnownFileType = text.plist.xml; path = Key.plist; sourceTree = "<group>"; };
		5E43754C2B1B009A0065D2C0 /* Constants.swift */ = {isa = PBXFileReference; lastKnownFileType = sourcecode.swift; path = Constants.swift; sourceTree = "<group>"; };
		5EE991462B0F496D0021DD41 /* LeagueStats.app */ = {isa = PBXFileReference; explicitFileType = wrapper.application; includeInIndex = 0; path = LeagueStats.app; sourceTree = BUILT_PRODUCTS_DIR; };
		5EE991492B0F496D0021DD41 /* AppDelegate.swift */ = {isa = PBXFileReference; lastKnownFileType = sourcecode.swift; path = AppDelegate.swift; sourceTree = "<group>"; };
		5EE991502B0F496D0021DD41 /* Base */ = {isa = PBXFileReference; lastKnownFileType = file.storyboard; name = Base; path = Base.lproj/Main.storyboard; sourceTree = "<group>"; };
		5EE991532B0F496D0021DD41 /* LeagueStats.xcdatamodel */ = {isa = PBXFileReference; lastKnownFileType = wrapper.xcdatamodel; path = LeagueStats.xcdatamodel; sourceTree = "<group>"; };
		5EE991552B0F496F0021DD41 /* Assets.xcassets */ = {isa = PBXFileReference; lastKnownFileType = folder.assetcatalog; path = Assets.xcassets; sourceTree = "<group>"; };
		5EE991582B0F496F0021DD41 /* Base */ = {isa = PBXFileReference; lastKnownFileType = file.storyboard; name = Base; path = Base.lproj/LaunchScreen.storyboard; sourceTree = "<group>"; };
		5EE9915A2B0F496F0021DD41 /* Info.plist */ = {isa = PBXFileReference; lastKnownFileType = text.plist.xml; path = Info.plist; sourceTree = "<group>"; };
		5EE991622B0F51F30021DD41 /* TabBarViewController.swift */ = {isa = PBXFileReference; lastKnownFileType = sourcecode.swift; path = TabBarViewController.swift; sourceTree = "<group>"; };
		5EE991632B0F51F30021DD41 /* TabBarViewController.xib */ = {isa = PBXFileReference; lastKnownFileType = file.xib; path = TabBarViewController.xib; sourceTree = "<group>"; };
		5EF754B12B11BB19004946D9 /* ChampionViewController.swift */ = {isa = PBXFileReference; lastKnownFileType = sourcecode.swift; path = ChampionViewController.swift; sourceTree = "<group>"; };
		5EF754B22B11BB19004946D9 /* ChampionViewController.xib */ = {isa = PBXFileReference; lastKnownFileType = file.xib; path = ChampionViewController.xib; sourceTree = "<group>"; };
		5EF754BC2B11C59A004946D9 /* ChampionTableViewCell.swift */ = {isa = PBXFileReference; lastKnownFileType = sourcecode.swift; path = ChampionTableViewCell.swift; sourceTree = "<group>"; };
		5EF754BD2B11C59A004946D9 /* ChampionTableViewCell.xib */ = {isa = PBXFileReference; lastKnownFileType = file.xib; path = ChampionTableViewCell.xib; sourceTree = "<group>"; };
		82568E9526E449CFE3CFA075 /* Pods-LeagueStats.release.xcconfig */ = {isa = PBXFileReference; includeInIndex = 1; lastKnownFileType = text.xcconfig; name = "Pods-LeagueStats.release.xcconfig"; path = "Target Support Files/Pods-LeagueStats/Pods-LeagueStats.release.xcconfig"; sourceTree = "<group>"; };
		EBB567D9220254457F0CE745 /* Pods_LeagueStats.framework */ = {isa = PBXFileReference; explicitFileType = wrapper.framework; includeInIndex = 0; path = Pods_LeagueStats.framework; sourceTree = BUILT_PRODUCTS_DIR; };
/* End PBXFileReference section */

/* Begin PBXFrameworksBuildPhase section */
		5EE991432B0F496D0021DD41 /* Frameworks */ = {
			isa = PBXFrameworksBuildPhase;
			buildActionMask = 2147483647;
			files = (
				8D9BD26A60BF11E4148CD199 /* Pods_LeagueStats.framework in Frameworks */,
			);
			runOnlyForDeploymentPostprocessing = 0;
		};
/* End PBXFrameworksBuildPhase section */

/* Begin PBXGroup section */
		5E43752F2B1AFD7B0065D2C0 /* Resources */ = {
			isa = PBXGroup;
			children = (
				5E4375302B1AFD880065D2C0 /* Fonts */,
				5EE991552B0F496F0021DD41 /* Assets.xcassets */,
			);
			path = Resources;
			sourceTree = "<group>";
		};
		5E4375302B1AFD880065D2C0 /* Fonts */ = {
			isa = PBXGroup;
			children = (
				5E4375342B1AFD9D0065D2C0 /* BeaufortforLOL-Bold.otf */,
				5E4375322B1AFD9C0065D2C0 /* BeaufortforLOL-BoldItalic.otf */,
				5E43753C2B1AFD9D0065D2C0 /* BeaufortforLOL-Heavy.otf */,
				5E4375362B1AFD9D0065D2C0 /* BeaufortforLOL-HeavyItalic.otf */,
				5E4375332B1AFD9C0065D2C0 /* BeaufortforLOL-Italic.otf */,
				5E4375372B1AFD9D0065D2C0 /* BeaufortforLOL-Italic(1).otf */,
				5E4375352B1AFD9D0065D2C0 /* BeaufortforLOL-Light.otf */,
				5E4375382B1AFD9D0065D2C0 /* BeaufortforLOL-LightItalic.otf */,
				5E4375392B1AFD9D0065D2C0 /* BeaufortforLOL-LightItalic(1).otf */,
				5E43753A2B1AFD9D0065D2C0 /* BeaufortforLOL-Medium.otf */,
				5E4375312B1AFD9C0065D2C0 /* BeaufortforLOL-MediumItalic.otf */,
				5E43753B2B1AFD9D0065D2C0 /* BeaufortforLOL-Regular.otf */,
			);
			path = Fonts;
			sourceTree = "<group>";
		};
		5E43754B2B1B008A0065D2C0 /* Utils */ = {
			isa = PBXGroup;
			children = (
				5E43754C2B1B009A0065D2C0 /* Constants.swift */,
			);
			path = Utils;
			sourceTree = "<group>";
		};
		5E43754E2B1D62CD0065D2C0 /* ChampionDetail */ = {
			isa = PBXGroup;
			children = (
				5E3236602B2D744D00AD48B3 /* ChampionDetailViewController.swift */,
				5E3236612B2D744D00AD48B3 /* ChampionDetailViewController.xib */,
			);
			path = ChampionDetail;
			sourceTree = "<group>";
		};
		5EE9913D2B0F496D0021DD41 = {
			isa = PBXGroup;
			children = (
				5EE991482B0F496D0021DD41 /* LeagueStats */,
				5EE991472B0F496D0021DD41 /* Products */,
				88F90D2AE4C22ED6C81441EB /* Pods */,
				A22D9C23B98B47C3788FF66C /* Frameworks */,
			);
			sourceTree = "<group>";
		};
		5EE991472B0F496D0021DD41 /* Products */ = {
			isa = PBXGroup;
			children = (
				5EE991462B0F496D0021DD41 /* LeagueStats.app */,
			);
			name = Products;
			sourceTree = "<group>";
		};
		5EE991482B0F496D0021DD41 /* LeagueStats */ = {
			isa = PBXGroup;
			children = (
				5E43752F2B1AFD7B0065D2C0 /* Resources */,
				5EF754B52B11BFE7004946D9 /* Data */,
				5EE991602B0F51CC0021DD41 /* Scenes */,
				5E43754B2B1B008A0065D2C0 /* Utils */,
				5EE991492B0F496D0021DD41 /* AppDelegate.swift */,
				5EE9914F2B0F496D0021DD41 /* Main.storyboard */,
				5EE991572B0F496F0021DD41 /* LaunchScreen.storyboard */,
				5EE9915A2B0F496F0021DD41 /* Info.plist */,
				5E4375492B1B00100065D2C0 /* Key.plist */,
				5EE991522B0F496D0021DD41 /* LeagueStats.xcdatamodeld */,
			);
			path = LeagueStats;
			sourceTree = "<group>";
		};
		5EE991602B0F51CC0021DD41 /* Scenes */ = {
			isa = PBXGroup;
			children = (
				5E43754E2B1D62CD0065D2C0 /* ChampionDetail */,
				5EF754B02B11BB01004946D9 /* Champion */,
				5EE991612B0F51D10021DD41 /* TabBar */,
			);
			path = Scenes;
			sourceTree = "<group>";
		};
		5EE991612B0F51D10021DD41 /* TabBar */ = {
			isa = PBXGroup;
			children = (
				5EE991622B0F51F30021DD41 /* TabBarViewController.swift */,
				5EE991632B0F51F30021DD41 /* TabBarViewController.xib */,
			);
			path = TabBar;
			sourceTree = "<group>";
		};
		5EF754B02B11BB01004946D9 /* Champion */ = {
			isa = PBXGroup;
			children = (
				5EF754B72B11C511004946D9 /* Cell */,
				5EF754B12B11BB19004946D9 /* ChampionViewController.swift */,
				5EF754B22B11BB19004946D9 /* ChampionViewController.xib */,
			);
			path = Champion;
			sourceTree = "<group>";
		};
		5EF754B52B11BFE7004946D9 /* Data */ = {
			isa = PBXGroup;
			children = (
			);
			path = Data;
			sourceTree = "<group>";
		};
		5EF754B72B11C511004946D9 /* Cell */ = {
			isa = PBXGroup;
			children = (
				5EF754BC2B11C59A004946D9 /* ChampionTableViewCell.swift */,
				5EF754BD2B11C59A004946D9 /* ChampionTableViewCell.xib */,
			);
			path = Cell;
			sourceTree = "<group>";
		};
		88F90D2AE4C22ED6C81441EB /* Pods */ = {
			isa = PBXGroup;
			children = (
				35DE54DCC24CA02446452E28 /* Pods-LeagueStats.debug.xcconfig */,
				82568E9526E449CFE3CFA075 /* Pods-LeagueStats.release.xcconfig */,
			);
			path = Pods;
			sourceTree = "<group>";
		};
		A22D9C23B98B47C3788FF66C /* Frameworks */ = {
			isa = PBXGroup;
			children = (
				EBB567D9220254457F0CE745 /* Pods_LeagueStats.framework */,
			);
			name = Frameworks;
			sourceTree = "<group>";
		};
/* End PBXGroup section */

/* Begin PBXNativeTarget section */
		5EE991452B0F496D0021DD41 /* LeagueStats */ = {
			isa = PBXNativeTarget;
			buildConfigurationList = 5EE9915D2B0F496F0021DD41 /* Build configuration list for PBXNativeTarget "LeagueStats" */;
			buildPhases = (
				72E418561107E535C5F4DB30 /* [CP] Check Pods Manifest.lock */,
				5EE991422B0F496D0021DD41 /* Sources */,
				5EE991432B0F496D0021DD41 /* Frameworks */,
				5EE991442B0F496D0021DD41 /* Resources */,
				914599EB93703D41095DE153 /* [CP] Embed Pods Frameworks */,
			);
			buildRules = (
			);
			dependencies = (
			);
			name = LeagueStats;
			productName = LeagueStats;
			productReference = 5EE991462B0F496D0021DD41 /* LeagueStats.app */;
			productType = "com.apple.product-type.application";
		};
/* End PBXNativeTarget section */

/* Begin PBXProject section */
		5EE9913E2B0F496D0021DD41 /* Project object */ = {
			isa = PBXProject;
			attributes = {
				BuildIndependentTargetsInParallel = 1;
				LastSwiftUpdateCheck = 1500;
				LastUpgradeCheck = 1500;
				TargetAttributes = {
					5EE991452B0F496D0021DD41 = {
						CreatedOnToolsVersion = 15.0.1;
					};
				};
			};
			buildConfigurationList = 5EE991412B0F496D0021DD41 /* Build configuration list for PBXProject "LeagueStats" */;
			compatibilityVersion = "Xcode 14.0";
			developmentRegion = en;
			hasScannedForEncodings = 0;
			knownRegions = (
				en,
				Base,
			);
			mainGroup = 5EE9913D2B0F496D0021DD41;
			productRefGroup = 5EE991472B0F496D0021DD41 /* Products */;
			projectDirPath = "";
			projectRoot = "";
			targets = (
				5EE991452B0F496D0021DD41 /* LeagueStats */,
			);
		};
/* End PBXProject section */

/* Begin PBXResourcesBuildPhase section */
		5EE991442B0F496D0021DD41 /* Resources */ = {
			isa = PBXResourcesBuildPhase;
			buildActionMask = 2147483647;
			files = (
				5E3236632B2D744D00AD48B3 /* ChampionDetailViewController.xib in Resources */,
				5E4375442B1AFD9E0065D2C0 /* BeaufortforLOL-LightItalic.otf in Resources */,
				5EE991652B0F51F30021DD41 /* TabBarViewController.xib in Resources */,
				5E43753D2B1AFD9E0065D2C0 /* BeaufortforLOL-MediumItalic.otf in Resources */,
				5E4375452B1AFD9E0065D2C0 /* BeaufortforLOL-LightItalic(1).otf in Resources */,
				5E4375472B1AFD9E0065D2C0 /* BeaufortforLOL-Regular.otf in Resources */,
				5E4375462B1AFD9E0065D2C0 /* BeaufortforLOL-Medium.otf in Resources */,
				5E4375432B1AFD9E0065D2C0 /* BeaufortforLOL-Italic(1).otf in Resources */,
				5EE991592B0F496F0021DD41 /* LaunchScreen.storyboard in Resources */,
				5E43753F2B1AFD9E0065D2C0 /* BeaufortforLOL-Italic.otf in Resources */,
				5EF754B42B11BB19004946D9 /* ChampionViewController.xib in Resources */,
				5E4375412B1AFD9E0065D2C0 /* BeaufortforLOL-Light.otf in Resources */,
				5E4375482B1AFD9E0065D2C0 /* BeaufortforLOL-Heavy.otf in Resources */,
				5EE991562B0F496F0021DD41 /* Assets.xcassets in Resources */,
				5E4375422B1AFD9E0065D2C0 /* BeaufortforLOL-HeavyItalic.otf in Resources */,
				5E4375402B1AFD9E0065D2C0 /* BeaufortforLOL-Bold.otf in Resources */,
				5E43754A2B1B00100065D2C0 /* Key.plist in Resources */,
				5EF754BF2B11C59A004946D9 /* ChampionTableViewCell.xib in Resources */,
				5E43753E2B1AFD9E0065D2C0 /* BeaufortforLOL-BoldItalic.otf in Resources */,
				5EE991512B0F496D0021DD41 /* Main.storyboard in Resources */,
			);
			runOnlyForDeploymentPostprocessing = 0;
		};
/* End PBXResourcesBuildPhase section */

/* Begin PBXShellScriptBuildPhase section */
		72E418561107E535C5F4DB30 /* [CP] Check Pods Manifest.lock */ = {
			isa = PBXShellScriptBuildPhase;
			buildActionMask = 2147483647;
			files = (
			);
			inputFileListPaths = (
			);
			inputPaths = (
				"${PODS_PODFILE_DIR_PATH}/Podfile.lock",
				"${PODS_ROOT}/Manifest.lock",
			);
			name = "[CP] Check Pods Manifest.lock";
			outputFileListPaths = (
			);
			outputPaths = (
				"$(DERIVED_FILE_DIR)/Pods-LeagueStats-checkManifestLockResult.txt",
			);
			runOnlyForDeploymentPostprocessing = 0;
			shellPath = /bin/sh;
			shellScript = "diff \"${PODS_PODFILE_DIR_PATH}/Podfile.lock\" \"${PODS_ROOT}/Manifest.lock\" > /dev/null\nif [ $? != 0 ] ; then\n    # print error to STDERR\n    echo \"error: The sandbox is not in sync with the Podfile.lock. Run 'pod install' or update your CocoaPods installation.\" >&2\n    exit 1\nfi\n# This output is used by Xcode 'outputs' to avoid re-running this script phase.\necho \"SUCCESS\" > \"${SCRIPT_OUTPUT_FILE_0}\"\n";
			showEnvVarsInLog = 0;
		};
		914599EB93703D41095DE153 /* [CP] Embed Pods Frameworks */ = {
			isa = PBXShellScriptBuildPhase;
			buildActionMask = 2147483647;
			files = (
			);
			inputFileListPaths = (
				"${PODS_ROOT}/Target Support Files/Pods-LeagueStats/Pods-LeagueStats-frameworks-${CONFIGURATION}-input-files.xcfilelist",
			);
			name = "[CP] Embed Pods Frameworks";
			outputFileListPaths = (
				"${PODS_ROOT}/Target Support Files/Pods-LeagueStats/Pods-LeagueStats-frameworks-${CONFIGURATION}-output-files.xcfilelist",
			);
			runOnlyForDeploymentPostprocessing = 0;
			shellPath = /bin/sh;
			shellScript = "\"${PODS_ROOT}/Target Support Files/Pods-LeagueStats/Pods-LeagueStats-frameworks.sh\"\n";
			showEnvVarsInLog = 0;
		};
/* End PBXShellScriptBuildPhase section */

/* Begin PBXSourcesBuildPhase section */
		5EE991422B0F496D0021DD41 /* Sources */ = {
			isa = PBXSourcesBuildPhase;
			buildActionMask = 2147483647;
			files = (
				5EE991642B0F51F30021DD41 /* TabBarViewController.swift in Sources */,
				5EF754BE2B11C59A004946D9 /* ChampionTableViewCell.swift in Sources */,
				5EE9914A2B0F496D0021DD41 /* AppDelegate.swift in Sources */,
				5EE991542B0F496D0021DD41 /* LeagueStats.xcdatamodeld in Sources */,
				5EF754B32B11BB19004946D9 /* ChampionViewController.swift in Sources */,
				5E43754D2B1B009A0065D2C0 /* Constants.swift in Sources */,
				5E3236622B2D744D00AD48B3 /* ChampionDetailViewController.swift in Sources */,
			);
			runOnlyForDeploymentPostprocessing = 0;
		};
/* End PBXSourcesBuildPhase section */

/* Begin PBXVariantGroup section */
		5EE9914F2B0F496D0021DD41 /* Main.storyboard */ = {
			isa = PBXVariantGroup;
			children = (
				5EE991502B0F496D0021DD41 /* Base */,
			);
			name = Main.storyboard;
			sourceTree = "<group>";
		};
		5EE991572B0F496F0021DD41 /* LaunchScreen.storyboard */ = {
			isa = PBXVariantGroup;
			children = (
				5EE991582B0F496F0021DD41 /* Base */,
			);
			name = LaunchScreen.storyboard;
			sourceTree = "<group>";
		};
/* End PBXVariantGroup section */

/* Begin XCBuildConfiguration section */
		5EE9915B2B0F496F0021DD41 /* Debug */ = {
			isa = XCBuildConfiguration;
			buildSettings = {
				ALWAYS_SEARCH_USER_PATHS = NO;
				ASSETCATALOG_COMPILER_GENERATE_SWIFT_ASSET_SYMBOL_EXTENSIONS = YES;
				CLANG_ANALYZER_NONNULL = YES;
				CLANG_ANALYZER_NUMBER_OBJECT_CONVERSION = YES_AGGRESSIVE;
				CLANG_CXX_LANGUAGE_STANDARD = "gnu++20";
				CLANG_ENABLE_MODULES = YES;
				CLANG_ENABLE_OBJC_ARC = YES;
				CLANG_ENABLE_OBJC_WEAK = YES;
				CLANG_WARN_BLOCK_CAPTURE_AUTORELEASING = YES;
				CLANG_WARN_BOOL_CONVERSION = YES;
				CLANG_WARN_COMMA = YES;
				CLANG_WARN_CONSTANT_CONVERSION = YES;
				CLANG_WARN_DEPRECATED_OBJC_IMPLEMENTATIONS = YES;
				CLANG_WARN_DIRECT_OBJC_ISA_USAGE = YES_ERROR;
				CLANG_WARN_DOCUMENTATION_COMMENTS = YES;
				CLANG_WARN_EMPTY_BODY = YES;
				CLANG_WARN_ENUM_CONVERSION = YES;
				CLANG_WARN_INFINITE_RECURSION = YES;
				CLANG_WARN_INT_CONVERSION = YES;
				CLANG_WARN_NON_LITERAL_NULL_CONVERSION = YES;
				CLANG_WARN_OBJC_IMPLICIT_RETAIN_SELF = YES;
				CLANG_WARN_OBJC_LITERAL_CONVERSION = YES;
				CLANG_WARN_OBJC_ROOT_CLASS = YES_ERROR;
				CLANG_WARN_QUOTED_INCLUDE_IN_FRAMEWORK_HEADER = YES;
				CLANG_WARN_RANGE_LOOP_ANALYSIS = YES;
				CLANG_WARN_STRICT_PROTOTYPES = YES;
				CLANG_WARN_SUSPICIOUS_MOVE = YES;
				CLANG_WARN_UNGUARDED_AVAILABILITY = YES_AGGRESSIVE;
				CLANG_WARN_UNREACHABLE_CODE = YES;
				CLANG_WARN__DUPLICATE_METHOD_MATCH = YES;
				COPY_PHASE_STRIP = NO;
				DEBUG_INFORMATION_FORMAT = dwarf;
				ENABLE_STRICT_OBJC_MSGSEND = YES;
				ENABLE_TESTABILITY = YES;
				ENABLE_USER_SCRIPT_SANDBOXING = NO;
				GCC_C_LANGUAGE_STANDARD = gnu17;
				GCC_DYNAMIC_NO_PIC = NO;
				GCC_NO_COMMON_BLOCKS = YES;
				GCC_OPTIMIZATION_LEVEL = 0;
				GCC_PREPROCESSOR_DEFINITIONS = (
					"DEBUG=1",
					"$(inherited)",
				);
				GCC_WARN_64_TO_32_BIT_CONVERSION = YES;
				GCC_WARN_ABOUT_RETURN_TYPE = YES_ERROR;
				GCC_WARN_UNDECLARED_SELECTOR = YES;
				GCC_WARN_UNINITIALIZED_AUTOS = YES_AGGRESSIVE;
				GCC_WARN_UNUSED_FUNCTION = YES;
				GCC_WARN_UNUSED_VARIABLE = YES;
				IPHONEOS_DEPLOYMENT_TARGET = 17.0;
				LOCALIZATION_PREFERS_STRING_CATALOGS = YES;
				MTL_ENABLE_DEBUG_INFO = INCLUDE_SOURCE;
				MTL_FAST_MATH = YES;
				ONLY_ACTIVE_ARCH = YES;
				SDKROOT = iphoneos;
				SWIFT_ACTIVE_COMPILATION_CONDITIONS = "DEBUG $(inherited)";
				SWIFT_OPTIMIZATION_LEVEL = "-Onone";
			};
			name = Debug;
		};
		5EE9915C2B0F496F0021DD41 /* Release */ = {
			isa = XCBuildConfiguration;
			buildSettings = {
				ALWAYS_SEARCH_USER_PATHS = NO;
				ASSETCATALOG_COMPILER_GENERATE_SWIFT_ASSET_SYMBOL_EXTENSIONS = YES;
				CLANG_ANALYZER_NONNULL = YES;
				CLANG_ANALYZER_NUMBER_OBJECT_CONVERSION = YES_AGGRESSIVE;
				CLANG_CXX_LANGUAGE_STANDARD = "gnu++20";
				CLANG_ENABLE_MODULES = YES;
				CLANG_ENABLE_OBJC_ARC = YES;
				CLANG_ENABLE_OBJC_WEAK = YES;
				CLANG_WARN_BLOCK_CAPTURE_AUTORELEASING = YES;
				CLANG_WARN_BOOL_CONVERSION = YES;
				CLANG_WARN_COMMA = YES;
				CLANG_WARN_CONSTANT_CONVERSION = YES;
				CLANG_WARN_DEPRECATED_OBJC_IMPLEMENTATIONS = YES;
				CLANG_WARN_DIRECT_OBJC_ISA_USAGE = YES_ERROR;
				CLANG_WARN_DOCUMENTATION_COMMENTS = YES;
				CLANG_WARN_EMPTY_BODY = YES;
				CLANG_WARN_ENUM_CONVERSION = YES;
				CLANG_WARN_INFINITE_RECURSION = YES;
				CLANG_WARN_INT_CONVERSION = YES;
				CLANG_WARN_NON_LITERAL_NULL_CONVERSION = YES;
				CLANG_WARN_OBJC_IMPLICIT_RETAIN_SELF = YES;
				CLANG_WARN_OBJC_LITERAL_CONVERSION = YES;
				CLANG_WARN_OBJC_ROOT_CLASS = YES_ERROR;
				CLANG_WARN_QUOTED_INCLUDE_IN_FRAMEWORK_HEADER = YES;
				CLANG_WARN_RANGE_LOOP_ANALYSIS = YES;
				CLANG_WARN_STRICT_PROTOTYPES = YES;
				CLANG_WARN_SUSPICIOUS_MOVE = YES;
				CLANG_WARN_UNGUARDED_AVAILABILITY = YES_AGGRESSIVE;
				CLANG_WARN_UNREACHABLE_CODE = YES;
				CLANG_WARN__DUPLICATE_METHOD_MATCH = YES;
				COPY_PHASE_STRIP = NO;
				DEBUG_INFORMATION_FORMAT = "dwarf-with-dsym";
				ENABLE_NS_ASSERTIONS = NO;
				ENABLE_STRICT_OBJC_MSGSEND = YES;
				ENABLE_USER_SCRIPT_SANDBOXING = NO;
				GCC_C_LANGUAGE_STANDARD = gnu17;
				GCC_NO_COMMON_BLOCKS = YES;
				GCC_WARN_64_TO_32_BIT_CONVERSION = YES;
				GCC_WARN_ABOUT_RETURN_TYPE = YES_ERROR;
				GCC_WARN_UNDECLARED_SELECTOR = YES;
				GCC_WARN_UNINITIALIZED_AUTOS = YES_AGGRESSIVE;
				GCC_WARN_UNUSED_FUNCTION = YES;
				GCC_WARN_UNUSED_VARIABLE = YES;
				IPHONEOS_DEPLOYMENT_TARGET = 17.0;
				LOCALIZATION_PREFERS_STRING_CATALOGS = YES;
				MTL_ENABLE_DEBUG_INFO = NO;
				MTL_FAST_MATH = YES;
				SDKROOT = iphoneos;
				SWIFT_COMPILATION_MODE = wholemodule;
				VALIDATE_PRODUCT = YES;
			};
			name = Release;
		};
		5EE9915E2B0F496F0021DD41 /* Debug */ = {
			isa = XCBuildConfiguration;
			baseConfigurationReference = 35DE54DCC24CA02446452E28 /* Pods-LeagueStats.debug.xcconfig */;
			buildSettings = {
				ASSETCATALOG_COMPILER_APPICON_NAME = AppIcon;
				ASSETCATALOG_COMPILER_GLOBAL_ACCENT_COLOR_NAME = AccentColor;
				CODE_SIGN_STYLE = Automatic;
				CURRENT_PROJECT_VERSION = 1;
				DEVELOPMENT_TEAM = 267YL39X87;
				GENERATE_INFOPLIST_FILE = YES;
				INFOPLIST_FILE = LeagueStats/Info.plist;
				INFOPLIST_KEY_UIApplicationSupportsIndirectInputEvents = YES;
				INFOPLIST_KEY_UILaunchStoryboardName = LaunchScreen;
				INFOPLIST_KEY_UIMainStoryboardFile = Main;
				INFOPLIST_KEY_UISupportedInterfaceOrientations_iPad = "UIInterfaceOrientationPortrait UIInterfaceOrientationPortraitUpsideDown UIInterfaceOrientationLandscapeLeft UIInterfaceOrientationLandscapeRight";
				INFOPLIST_KEY_UISupportedInterfaceOrientations_iPhone = "UIInterfaceOrientationPortrait UIInterfaceOrientationLandscapeLeft UIInterfaceOrientationLandscapeRight";
				LD_RUNPATH_SEARCH_PATHS = (
					"$(inherited)",
					"@executable_path/Frameworks",
				);
				MARKETING_VERSION = 1.0;
				PRODUCT_BUNDLE_IDENTIFIER = com.LeagueStats;
				PRODUCT_NAME = "$(TARGET_NAME)";
				SWIFT_EMIT_LOC_STRINGS = YES;
				SWIFT_VERSION = 5.0;
				TARGETED_DEVICE_FAMILY = "1,2";
			};
			name = Debug;
		};
		5EE9915F2B0F496F0021DD41 /* Release */ = {
			isa = XCBuildConfiguration;
			baseConfigurationReference = 82568E9526E449CFE3CFA075 /* Pods-LeagueStats.release.xcconfig */;
			buildSettings = {
				ASSETCATALOG_COMPILER_APPICON_NAME = AppIcon;
				ASSETCATALOG_COMPILER_GLOBAL_ACCENT_COLOR_NAME = AccentColor;
				CODE_SIGN_STYLE = Automatic;
				CURRENT_PROJECT_VERSION = 1;
				DEVELOPMENT_TEAM = 267YL39X87;
				GENERATE_INFOPLIST_FILE = YES;
				INFOPLIST_FILE = LeagueStats/Info.plist;
				INFOPLIST_KEY_UIApplicationSupportsIndirectInputEvents = YES;
				INFOPLIST_KEY_UILaunchStoryboardName = LaunchScreen;
				INFOPLIST_KEY_UIMainStoryboardFile = Main;
				INFOPLIST_KEY_UISupportedInterfaceOrientations_iPad = "UIInterfaceOrientationPortrait UIInterfaceOrientationPortraitUpsideDown UIInterfaceOrientationLandscapeLeft UIInterfaceOrientationLandscapeRight";
				INFOPLIST_KEY_UISupportedInterfaceOrientations_iPhone = "UIInterfaceOrientationPortrait UIInterfaceOrientationLandscapeLeft UIInterfaceOrientationLandscapeRight";
				LD_RUNPATH_SEARCH_PATHS = (
					"$(inherited)",
					"@executable_path/Frameworks",
				);
				MARKETING_VERSION = 1.0;
				PRODUCT_BUNDLE_IDENTIFIER = com.LeagueStats;
				PRODUCT_NAME = "$(TARGET_NAME)";
				SWIFT_EMIT_LOC_STRINGS = YES;
				SWIFT_VERSION = 5.0;
				TARGETED_DEVICE_FAMILY = "1,2";
			};
			name = Release;
		};
/* End XCBuildConfiguration section */

/* Begin XCConfigurationList section */
		5EE991412B0F496D0021DD41 /* Build configuration list for PBXProject "LeagueStats" */ = {
			isa = XCConfigurationList;
			buildConfigurations = (
				5EE9915B2B0F496F0021DD41 /* Debug */,
				5EE9915C2B0F496F0021DD41 /* Release */,
			);
			defaultConfigurationIsVisible = 0;
			defaultConfigurationName = Release;
		};
		5EE9915D2B0F496F0021DD41 /* Build configuration list for PBXNativeTarget "LeagueStats" */ = {
			isa = XCConfigurationList;
			buildConfigurations = (
				5EE9915E2B0F496F0021DD41 /* Debug */,
				5EE9915F2B0F496F0021DD41 /* Release */,
			);
			defaultConfigurationIsVisible = 0;
			defaultConfigurationName = Release;
		};
/* End XCConfigurationList section */

/* Begin XCVersionGroup section */
		5EE991522B0F496D0021DD41 /* LeagueStats.xcdatamodeld */ = {
			isa = XCVersionGroup;
			children = (
				5EE991532B0F496D0021DD41 /* LeagueStats.xcdatamodel */,
			);
			currentVersion = 5EE991532B0F496D0021DD41 /* LeagueStats.xcdatamodel */;
			path = LeagueStats.xcdatamodeld;
			sourceTree = "<group>";
			versionGroupType = wrapper.xcdatamodel;
		};
/* End XCVersionGroup section */
	};
	rootObject = 5EE9913E2B0F496D0021DD41 /* Project object */;
}
